
Microsoft Visual Studio Solution File, Format Version 12.00
# Visual Studio Version 17
VisualStudioVersion = 17.12.35707.178
MinimumVisualStudioVersion = 10.0.40219.1
Project("{2150E333-8FDC-42A3-9474-1A3956D46DE8}") = "Services", "Services", "{78562E12-BE09-41D1-92AE-41D5E73B694C}"
EndProject
Project("{2150E333-8FDC-42A3-9474-1A3956D46DE8}") = "Catalog", "Catalog", "{560D9B43-EAAE-4E49-B1B4-CD07606E371E}"
EndProject
Project("{FAE04EC0-301F-11D3-BF4B-00C04F79EFBC}") = "Catalog.API", "Services\Catalog\Catalog.API\Catalog.API.csproj", "{669702B7-4B1C-45A3-B590-934FB26D9FFA}"
EndProject
Project("{2150E333-8FDC-42A3-9474-1A3956D46DE8}") = "BuildingBlocks", "BuildingBlocks", "{972407EF-F7AA-48F0-B949-034CD8392979}"
EndProject
Project("{FAE04EC0-301F-11D3-BF4B-00C04F79EFBC}") = "BuildingBlocks", "BuildingBlocks\BuildingBlocks\BuildingBlocks.csproj", "{51A4B417-82F2-49BA-AE53-9E3C07587FCA}"
EndProject
Project("{E53339B2-1760-4266-BCC7-CA923CBCF16C}") = "docker-compose", "docker-compose.dcproj", "{78CD8CCE-3F5E-462D-A6A9-4D0B49B941FD}"
EndProject
Project("{2150E333-8FDC-42A3-9474-1A3956D46DE8}") = "Basket", "Basket", "{4042712E-681A-4C84-9FF6-8BDDA94A68ED}"
EndProject
Project("{FAE04EC0-301F-11D3-BF4B-00C04F79EFBC}") = "Basket.API", "Services\Basket\Basket.API\Basket.API.csproj", "{EFE772CE-9336-4903-A145-EFE06FABFB5D}"
EndProject
Global
	GlobalSection(SolutionConfigurationPlatforms) = preSolution
		Debug|Any CPU = Debug|Any CPU
		Release|Any CPU = Release|Any CPU
	EndGlobalSection
	GlobalSection(ProjectConfigurationPlatforms) = postSolution
		{669702B7-4B1C-45A3-B590-934FB26D9FFA}.Debug|Any CPU.ActiveCfg = Debug|Any CPU
		{669702B7-4B1C-45A3-B590-934FB26D9FFA}.Debug|Any CPU.Build.0 = Debug|Any CPU
		{669702B7-4B1C-45A3-B590-934FB26D9FFA}.Release|Any CPU.ActiveCfg = Release|Any CPU
		{669702B7-4B1C-45A3-B590-934FB26D9FFA}.Release|Any CPU.Build.0 = Release|Any CPU
		{51A4B417-82F2-49BA-AE53-9E3C07587FCA}.Debug|Any CPU.ActiveCfg = Debug|Any CPU
		{51A4B417-82F2-49BA-AE53-9E3C07587FCA}.Debug|Any CPU.Build.0 = Debug|Any CPU
		{51A4B417-82F2-49BA-AE53-9E3C07587FCA}.Release|Any CPU.ActiveCfg = Release|Any CPU
		{51A4B417-82F2-49BA-AE53-9E3C07587FCA}.Release|Any CPU.Build.0 = Release|Any CPU
		{78CD8CCE-3F5E-462D-A6A9-4D0B49B941FD}.Debug|Any CPU.ActiveCfg = Debug|Any CPU
		{78CD8CCE-3F5E-462D-A6A9-4D0B49B941FD}.Debug|Any CPU.Build.0 = Debug|Any CPU
		{78CD8CCE-3F5E-462D-A6A9-4D0B49B941FD}.Release|Any CPU.ActiveCfg = Release|Any CPU
		{78CD8CCE-3F5E-462D-A6A9-4D0B49B941FD}.Release|Any CPU.Build.0 = Release|Any CPU
		{EFE772CE-9336-4903-A145-EFE06FABFB5D}.Debug|Any CPU.ActiveCfg = Debug|Any CPU
		{EFE772CE-9336-4903-A145-EFE06FABFB5D}.Debug|Any CPU.Build.0 = Debug|Any CPU
		{EFE772CE-9336-4903-A145-EFE06FABFB5D}.Release|Any CPU.ActiveCfg = Release|Any CPU
		{EFE772CE-9336-4903-A145-EFE06FABFB5D}.Release|Any CPU.Build.0 = Release|Any CPU
	EndGlobalSection
	GlobalSection(SolutionProperties) = preSolution
		HideSolutionNode = FALSE
	EndGlobalSection
	GlobalSection(NestedProjects) = preSolution
		{560D9B43-EAAE-4E49-B1B4-CD07606E371E} = {78562E12-BE09-41D1-92AE-41D5E73B694C}
		{669702B7-4B1C-45A3-B590-934FB26D9FFA} = {560D9B43-EAAE-4E49-B1B4-CD07606E371E}
		{51A4B417-82F2-49BA-AE53-9E3C07587FCA} = {972407EF-F7AA-48F0-B949-034CD8392979}
		{4042712E-681A-4C84-9FF6-8BDDA94A68ED} = {78562E12-BE09-41D1-92AE-41D5E73B694C}
		{EFE772CE-9336-4903-A145-EFE06FABFB5D} = {4042712E-681A-4C84-9FF6-8BDDA94A68ED}
	EndGlobalSection
EndGlobal
